// !$*UTF8*$!
{
	archiveVersion = 1;
	classes = {
	};
	objectVersion = 48;
	objects = {

/* Begin PBXBuildFile section */
		3ABE9812209DED6F005ADD81 /* AppDelegate.swift in Sources */ = {isa = PBXBuildFile; fileRef = 3ABE9811209DED6F005ADD81 /* AppDelegate.swift */; };
		3ABE9814209DED6F005ADD81 /* ViewController.swift in Sources */ = {isa = PBXBuildFile; fileRef = 3ABE9813209DED6F005ADD81 /* ViewController.swift */; };
		3ABE9816209DED6F005ADD81 /* Assets.xcassets in Resources */ = {isa = PBXBuildFile; fileRef = 3ABE9815209DED6F005ADD81 /* Assets.xcassets */; };
		3ABE9819209DED6F005ADD81 /* Main.storyboard in Resources */ = {isa = PBXBuildFile; fileRef = 3ABE9817209DED6F005ADD81 /* Main.storyboard */; };
		3ABE9824209DEEA7005ADD81 /* D_megase in Resources */ = {isa = PBXBuildFile; fileRef = 3ABE9823209DEEA7005ADD81 /* D_megase */; };
		3ABE9825209DEEDC005ADD81 /* D_megase in Sources */ = {isa = PBXBuildFile; fileRef = 3ABE9823209DEEA7005ADD81 /* D_megase */; };
/* End PBXBuildFile section */

/* Begin PBXFileReference section */
		3ABE980E209DED6F005ADD81 /* DMegase.app */ = {isa = PBXFileReference; explicitFileType = wrapper.application; includeInIndex = 0; path = DMegase.app; sourceTree = BUILT_PRODUCTS_DIR; };
		3ABE9811209DED6F005ADD81 /* AppDelegate.swift */ = {isa = PBXFileReference; lastKnownFileType = sourcecode.swift; path = AppDelegate.swift; sourceTree = "<group>"; };
		3ABE9813209DED6F005ADD81 /* ViewController.swift */ = {isa = PBXFileReference; lastKnownFileType = sourcecode.swift; path = ViewController.swift; sourceTree = "<group>"; };
		3ABE9815209DED6F005ADD81 /* Assets.xcassets */ = {isa = PBXFileReference; lastKnownFileType = folder.assetcatalog; path = Assets.xcassets; sourceTree = "<group>"; };
		3ABE9818209DED6F005ADD81 /* Base */ = {isa = PBXFileReference; lastKnownFileType = file.storyboard; name = Base; path = Base.lproj/Main.storyboard; sourceTree = "<group>"; };
		3ABE981A209DED6F005ADD81 /* Info.plist */ = {isa = PBXFileReference; lastKnownFileType = text.plist.xml; path = Info.plist; sourceTree = "<group>"; };
		3ABE981B209DED6F005ADD81 /* DMegase.entitlements */ = {isa = PBXFileReference; lastKnownFileType = text.plist.entitlements; path = DMegase.entitlements; sourceTree = "<group>"; };
		3ABE9823209DEEA7005ADD81 /* D_megase */ = {isa = PBXFileReference; lastKnownFileType = folder; name = D_megase; path = ../../D_megase; sourceTree = "<group>"; };
/* End PBXFileReference section */

/* Begin PBXFrameworksBuildPhase section */
		3ABE980B209DED6E005ADD81 /* Frameworks */ = {
			isa = PBXFrameworksBuildPhase;
			buildActionMask = 2147483647;
			files = (
			);
			runOnlyForDeploymentPostprocessing = 0;
		};
/* End PBXFrameworksBuildPhase section */

/* Begin PBXGroup section */
		3ABE9805209DED6E005ADD81 = {
			isa = PBXGroup;
			children = (
				3ABE9810209DED6F005ADD81 /* DMegase */,
				3ABE980F209DED6F005ADD81 /* Products */,
			);
			sourceTree = "<group>";
		};
		3ABE980F209DED6F005ADD81 /* Products */ = {
			isa = PBXGroup;
			children = (
				3ABE980E209DED6F005ADD81 /* DMegase.app */,
			);
			name = Products;
			sourceTree = "<group>";
		};
		3ABE9810209DED6F005ADD81 /* DMegase */ = {
			isa = PBXGroup;
			children = (
				3ABE9823209DEEA7005ADD81 /* D_megase */,
				3ABE9811209DED6F005ADD81 /* AppDelegate.swift */,
				3ABE9813209DED6F005ADD81 /* ViewController.swift */,
				3ABE9815209DED6F005ADD81 /* Assets.xcassets */,
				3ABE9817209DED6F005ADD81 /* Main.storyboard */,
				3ABE981A209DED6F005ADD81 /* Info.plist */,
				3ABE981B209DED6F005ADD81 /* DMegase.entitlements */,
			);
			path = DMegase;
			sourceTree = "<group>";
		};
/* End PBXGroup section */

/* Begin PBXNativeTarget section */
		3ABE980D209DED6E005ADD81 /* DMegase */ = {
			isa = PBXNativeTarget;
			buildConfigurationList = 3ABE981E209DED6F005ADD81 /* Build configuration list for PBXNativeTarget "DMegase" */;
			buildPhases = (
				3ABE980A209DED6E005ADD81 /* Sources */,
				3ABE980B209DED6E005ADD81 /* Frameworks */,
				3ABE980C209DED6E005ADD81 /* Resources */,
			);
			buildRules = (
			);
			dependencies = (
			);
			name = DMegase;
			productName = DMegase;
			productReference = 3ABE980E209DED6F005ADD81 /* DMegase.app */;
			productType = "com.apple.product-type.application";
		};
/* End PBXNativeTarget section */

/* Begin PBXProject section */
		3ABE9806209DED6E005ADD81 /* Project object */ = {
			isa = PBXProject;
			attributes = {
				LastSwiftUpdateCheck = 0920;
				LastUpgradeCheck = 0920;
				ORGANIZATIONNAME = "Luis Henrique de Oliveira Amorim";
				TargetAttributes = {
					3ABE980D209DED6E005ADD81 = {
						CreatedOnToolsVersion = 9.2;
						ProvisioningStyle = Automatic;
					};
				};
			};
			buildConfigurationList = 3ABE9809209DED6E005ADD81 /* Build configuration list for PBXProject "DMegase" */;
			compatibilityVersion = "Xcode 8.0";
			developmentRegion = en;
			hasScannedForEncodings = 0;
			knownRegions = (
				en,
				Base,
			);
			mainGroup = 3ABE9805209DED6E005ADD81;
			productRefGroup = 3ABE980F209DED6F005ADD81 /* Products */;
			projectDirPath = "";
			projectRoot = "";
			targets = (
				3ABE980D209DED6E005ADD81 /* DMegase */,
			);
		};
/* End PBXProject section */

/* Begin PBXResourcesBuildPhase section */
		3ABE980C209DED6E005ADD81 /* Resources */ = {
			isa = PBXResourcesBuildPhase;
			buildActionMask = 2147483647;
			files = (
				3ABE9816209DED6F005ADD81 /* Assets.xcassets in Resources */,
				3ABE9824209DEEA7005ADD81 /* D_megase in Resources */,
				3ABE9819209DED6F005ADD81 /* Main.storyboard in Resources */,
			);
			runOnlyForDeploymentPostprocessing = 0;
		};
/* End PBXResourcesBuildPhase section */

/* Begin PBXSourcesBuildPhase section */
		3ABE980A209DED6E005ADD81 /* Sources */ = {
			isa = PBXSourcesBuildPhase;
			buildActionMask = 2147483647;
			files = (
				3ABE9814209DED6F005ADD81 /* ViewController.swift in Sources */,
				3ABE9812209DED6F005ADD81 /* AppDelegate.swift in Sources */,
				3ABE9825209DEEDC005ADD81 /* D_megase in Sources */,
			);
			runOnlyForDeploymentPostprocessing = 0;
		};
/* End PBXSourcesBuildPhase section */

/* Begin PBXVariantGroup section */
		3ABE9817209DED6F005ADD81 /* Main.storyboard */ = {
			isa = PBXVariantGroup;
			children = (
				3ABE9818209DED6F005ADD81 /* Base */,
			);
			name = Main.storyboard;
			sourceTree = "<group>";
		};
/* End PBXVariantGroup section */

/* Begin XCBuildConfiguration section */
		3ABE981C209DED6F005ADD81 /* Debug */ = {
			isa = XCBuildConfiguration;
			buildSettings = {
				ALWAYS_SEARCH_USER_PATHS = NO;
				CLANG_ANALYZER_NONNULL = YES;
				CLANG_ANALYZER_NUMBER_OBJECT_CONVERSION = YES_AGGRESSIVE;
				CLANG_CXX_LANGUAGE_STANDARD = "gnu++14";
				CLANG_CXX_LIBRARY = "libc++";
				CLANG_ENABLE_MODULES = YES;
				CLANG_ENABLE_OBJC_ARC = YES;
				CLANG_WARN_BLOCK_CAPTURE_AUTORELEASING = YES;
				CLANG_WARN_BOOL_CONVERSION = YES;
				CLANG_WARN_COMMA = YES;
				CLANG_WARN_CONSTANT_CONVERSION = YES;
				CLANG_WARN_DIRECT_OBJC_ISA_USAGE = YES_ERROR;
				CLANG_WARN_DOCUMENTATION_COMMENTS = YES;
				CLANG_WARN_EMPTY_BODY = YES;
				CLANG_WARN_ENUM_CONVERSION = YES;
				CLANG_WARN_INFINITE_RECURSION = YES;
				CLANG_WARN_INT_CONVERSION = YES;
				CLANG_WARN_NON_LITERAL_NULL_CONVERSION = YES;
				CLANG_WARN_OBJC_LITERAL_CONVERSION = YES;
				CLANG_WARN_OBJC_ROOT_CLASS = YES_ERROR;
				CLANG_WARN_RANGE_LOOP_ANALYSIS = YES;
				CLANG_WARN_STRICT_PROTOTYPES = YES;
				CLANG_WARN_SUSPICIOUS_MOVE = YES;
				CLANG_WARN_UNGUARDED_AVAILABILITY = YES_AGGRESSIVE;
				CLANG_WARN_UNREACHABLE_CODE = YES;
				CLANG_WARN__DUPLICATE_METHOD_MATCH = YES;
				CODE_SIGN_IDENTITY = "-";
				COPY_PHASE_STRIP = NO;
				DEBUG_INFORMATION_FORMAT = dwarf;
				ENABLE_STRICT_OBJC_MSGSEND = YES;
				ENABLE_TESTABILITY = YES;
				GCC_C_LANGUAGE_STANDARD = gnu11;
				GCC_DYNAMIC_NO_PIC = NO;
				GCC_NO_COMMON_BLOCKS = YES;
				GCC_OPTIMIZATION_LEVEL = 0;
				GCC_PREPROCESSOR_DEFINITIONS = (
					"DEBUG=1",
					"$(inherited)",
				);
				GCC_WARN_64_TO_32_BIT_CONVERSION = YES;
				GCC_WARN_ABOUT_RETURN_TYPE = YES_ERROR;
				GCC_WARN_UNDECLARED_SELECTOR = YES;
				GCC_WARN_UNINITIALIZED_AUTOS = YES_AGGRESSIVE;
				GCC_WARN_UNUSED_FUNCTION = YES;
				GCC_WARN_UNUSED_VARIABLE = YES;
				MACOSX_DEPLOYMENT_TARGET = 10.13;
				MTL_ENABLE_DEBUG_INFO = YES;
				ONLY_ACTIVE_ARCH = YES;
				SDKROOT = macosx;
				SWIFT_ACTIVE_COMPILATION_CONDITIONS = DEBUG;
				SWIFT_OPTIMIZATION_LEVEL = "-Onone";
			};
			name = Debug;
		};
		3ABE981D209DED6F005ADD81 /* Release */ = {
			isa = XCBuildConfiguration;
			buildSettings = {
				ALWAYS_SEARCH_USER_PATHS = NO;
				CLANG_ANALYZER_NONNULL = YES;
				CLANG_ANALYZER_NUMBER_OBJECT_CONVERSION = YES_AGGRESSIVE;
				CLANG_CXX_LANGUAGE_STANDARD = "gnu++14";
				CLANG_CXX_LIBRARY = "libc++";
				CLANG_ENABLE_MODULES = YES;
				CLANG_ENABLE_OBJC_ARC = YES;
				CLANG_WARN_BLOCK_CAPTURE_AUTORELEASING = YES;
				CLANG_WARN_BOOL_CONVERSION = YES;
				CLANG_WARN_COMMA = YES;
				CLANG_WARN_CONSTANT_CONVERSION = YES;
				CLANG_WARN_DIRECT_OBJC_ISA_USAGE = YES_ERROR;
				CLANG_WARN_DOCUMENTATION_COMMENTS = YES;
				CLANG_WARN_EMPTY_BODY = YES;
				CLANG_WARN_ENUM_CONVERSION = YES;
				CLANG_WARN_INFINITE_RECURSION = YES;
				CLANG_WARN_INT_CONVERSION = YES;
				CLANG_WARN_NON_LITERAL_NULL_CONVERSION = YES;
				CLANG_WARN_OBJC_LITERAL_CONVERSION = YES;
				CLANG_WARN_OBJC_ROOT_CLASS = YES_ERROR;
				CLANG_WARN_RANGE_LOOP_ANALYSIS = YES;
				CLANG_WARN_STRICT_PROTOTYPES = YES;
				CLANG_WARN_SUSPICIOUS_MOVE = YES;
				CLANG_WARN_UNGUARDED_AVAILABILITY = YES_AGGRESSIVE;
				CLANG_WARN_UNREACHABLE_CODE = YES;
				CLANG_WARN__DUPLICATE_METHOD_MATCH = YES;
				CODE_SIGN_IDENTITY = "-";
				COPY_PHASE_STRIP = NO;
				DEBUG_INFORMATION_FORMAT = "dwarf-with-dsym";
				ENABLE_NS_ASSERTIONS = NO;
				ENABLE_STRICT_OBJC_MSGSEND = YES;
				GCC_C_LANGUAGE_STANDARD = gnu11;
				GCC_NO_COMMON_BLOCKS = YES;
				GCC_WARN_64_TO_32_BIT_CONVERSION = YES;
				GCC_WARN_ABOUT_RETURN_TYPE = YES_ERROR;
				GCC_WARN_UNDECLARED_SELECTOR = YES;
				GCC_WARN_UNINITIALIZED_AUTOS = YES_AGGRESSIVE;
				GCC_WARN_UNUSED_FUNCTION = YES;
				GCC_WARN_UNUSED_VARIABLE = YES;
				MACOSX_DEPLOYMENT_TARGET = 10.13;
				MTL_ENABLE_DEBUG_INFO = NO;
				SDKROOT = macosx;
				SWIFT_OPTIMIZATION_LEVEL = "-Owholemodule";
			};
			name = Release;
		};
		3ABE981F209DED6F005ADD81 /* Debug */ = {
			isa = XCBuildConfiguration;
			buildSettings = {
				ASSETCATALOG_COMPILER_APPICON_NAME = AppIcon;
				CODE_SIGN_ENTITLEMENTS = DMegase/DMegase.entitlements;
				CODE_SIGN_STYLE = Automatic;
				COMBINE_HIDPI_IMAGES = YES;
				INFOPLIST_FILE = DMegase/Info.plist;
				LD_RUNPATH_SEARCH_PATHS = "$(inherited) @executable_path/../Frameworks";
				PRODUCT_BUNDLE_IDENTIFIER = br.com.amorim.DMegase;
				PRODUCT_NAME = "$(TARGET_NAME)";
				SWIFT_VERSION = 4.0;
			};
			name = Debug;
		};
		3ABE9820209DED6F005ADD81 /* Release */ = {
			isa = XCBuildConfiguration;
			buildSettings = {
				ASSETCATALOG_COMPILER_APPICON_NAME = AppIcon;
				CODE_SIGN_ENTITLEMENTS = DMegase/DMegase.entitlements;
				CODE_SIGN_STYLE = Automatic;
				COMBINE_HIDPI_IMAGES = YES;
				INFOPLIST_FILE = DMegase/Info.plist;
				LD_RUNPATH_SEARCH_PATHS = "$(inherited) @executable_path/../Frameworks";
				PRODUCT_BUNDLE_IDENTIFIER = br.com.amorim.DMegase;
				PRODUCT_NAME = "$(TARGET_NAME)";
				SWIFT_VERSION = 4.0;
			};
			name = Release;
		};
/* End XCBuildConfiguration section */

/* Begin XCConfigurationList section */
		3ABE9809209DED6E005ADD81 /* Build configuration list for PBXProject "DMegase" */ = {
			isa = XCConfigurationList;
			buildConfigurations = (
				3ABE981C209DED6F005ADD81 /* Debug */,
				3ABE981D209DED6F005ADD81 /* Release */,
			);
			defaultConfigurationIsVisible = 0;
			defaultConfigurationName = Release;
		};
		3ABE981E209DED6F005ADD81 /* Build configuration list for PBXNativeTarget "DMegase" */ = {
			isa = XCConfigurationList;
			buildConfigurations = (
				3ABE981F209DED6F005ADD81 /* Debug */,
				3ABE9820209DED6F005ADD81 /* Release */,
			);
			defaultConfigurationIsVisible = 0;
			defaultConfigurationName = Release;
		};
/* End XCConfigurationList section */
	};
	rootObject = 3ABE9806209DED6E005ADD81 /* Project object */;
}
